# This file is automatically @generated by Cargo.
# It is not intended for manual editing.
version = 4

[[package]]
name = "fgdb-bigint"
version = "0.0.1"

[[package]]
name = "fgdb-claim"
version = "0.0.1"

[[package]]
name = "fgdb-delta-types"
version = "0.0.1"
dependencies = [
 "fgdb-bigint",
 "fgdb-claim",
 "fgdb-evidence",
 "fgdb-resource",
 "fgdb-types",
]

[[package]]
name = "fgdb-evidence"
version = "0.0.1"
dependencies = [
 "fgdb-claim",
 "fgdb-types",
]

[[package]]
name = "fgdb-resource"
version = "0.0.1"

[[package]]
name = "fgdb-types"
version = "0.0.1"

[[package]]
name = "registry-check"
version = "0.1.0"
